
Microsoft Visual Studio Solution File, Format Version 12.00
# Visual Studio Version 17
VisualStudioVersion = 17.14.36109.1 d17.14
MinimumVisualStudioVersion = 10.0.40219.1
Project("{FAE04EC0-301F-11D3-BF4B-00C04F79EFBC}") = "Calculadora", "Calculadora\Calculadora.csproj", "{CDF91B75-8026-484C-9A84-8C4A3D0567DA}"
EndProject
Global
	GlobalSection(SolutionConfigurationPlatforms) = preSolution
		Debug|Any CPU = Debug|Any CPU
		Release|Any CPU = Release|Any CPU
	EndGlobalSection
	GlobalSection(ProjectConfigurationPlatforms) = postSolution
		{CDF91B75-8026-484C-9A84-8C4A3D0567DA}.Debug|Any CPU.ActiveCfg = Debug|Any CPU
		{CDF91B75-8026-484C-9A84-8C4A3D0567DA}.Debug|Any CPU.Build.0 = Debug|Any CPU
		{CDF91B75-8026-484C-9A84-8C4A3D0567DA}.Release|Any CPU.ActiveCfg = Release|Any CPU
		{CDF91B75-8026-484C-9A84-8C4A3D0567DA}.Release|Any CPU.Build.0 = Release|Any CPU
	EndGlobalSection
	GlobalSection(SolutionProperties) = preSolution
		HideSolutionNode = FALSE
	EndGlobalSection
	GlobalSection(ExtensibilityGlobals) = postSolution
		SolutionGuid = {C3BB07A3-8ACF-4406-B24F-674EC629F32F}
	EndGlobalSection
EndGlobal
